
Microsoft Visual Studio Solution File, Format Version 11.00
# Visual Studio 2010
Project("{FAE04EC0-301F-11D3-BF4B-00C04F79EFBC}") = "Assembly-CSharp", "Assembly-CSharp.csproj", "{077AB8DC-67C9-237C-172E-4359D7B3009C}"
EndProject
Project("{FAE04EC0-301F-11D3-BF4B-00C04F79EFBC}") = "AimingRig", "AimingRig.csproj", "{BA5693BB-260A-7621-F9DF-3A511EB07F60}"
EndProject
Project("{FAE04EC0-301F-11D3-BF4B-00C04F79EFBC}") = "Assembly-CSharp-Editor", "Assembly-CSharp-Editor.csproj", "{80639C3E-38B9-5EE2-9992-11D29FDDFE8B}"
EndProject
Global
	GlobalSection(SolutionConfigurationPlatforms) = preSolution
		Debug|Any CPU = Debug|Any CPU
		Release|Any CPU = Release|Any CPU
	EndGlobalSection
	GlobalSection(ProjectConfigurationPlatforms) = postSolution
		{077AB8DC-67C9-237C-172E-4359D7B3009C}.Debug|Any CPU.ActiveCfg = Debug|Any CPU
		{077AB8DC-67C9-237C-172E-4359D7B3009C}.Debug|Any CPU.Build.0 = Debug|Any CPU
		{077AB8DC-67C9-237C-172E-4359D7B3009C}.Release|Any CPU.ActiveCfg = Release|Any CPU
		{077AB8DC-67C9-237C-172E-4359D7B3009C}.Release|Any CPU.Build.0 = Release|Any CPU
		{BA5693BB-260A-7621-F9DF-3A511EB07F60}.Debug|Any CPU.ActiveCfg = Debug|Any CPU
		{BA5693BB-260A-7621-F9DF-3A511EB07F60}.Debug|Any CPU.Build.0 = Debug|Any CPU
		{BA5693BB-260A-7621-F9DF-3A511EB07F60}.Release|Any CPU.ActiveCfg = Release|Any CPU
		{BA5693BB-260A-7621-F9DF-3A511EB07F60}.Release|Any CPU.Build.0 = Release|Any CPU
		{80639C3E-38B9-5EE2-9992-11D29FDDFE8B}.Debug|Any CPU.ActiveCfg = Debug|Any CPU
		{80639C3E-38B9-5EE2-9992-11D29FDDFE8B}.Debug|Any CPU.Build.0 = Debug|Any CPU
		{80639C3E-38B9-5EE2-9992-11D29FDDFE8B}.Release|Any CPU.ActiveCfg = Release|Any CPU
		{80639C3E-38B9-5EE2-9992-11D29FDDFE8B}.Release|Any CPU.Build.0 = Release|Any CPU
	EndGlobalSection
	GlobalSection(SolutionProperties) = preSolution
		HideSolutionNode = FALSE
	EndGlobalSection
EndGlobal
