
Microsoft Visual Studio Solution File, Format Version 12.00
# Visual Studio 15
Project("{FAE04EC0-301F-11D3-BF4B-00C04F79EFBC}") = "CFXREditor", "CFXREditor.csproj", "{2A7A6D7F-8904-F1F8-0BE2-ED617DA69AFD}"
EndProject
Project("{FAE04EC0-301F-11D3-BF4B-00C04F79EFBC}") = "Assembly-CSharp", "Assembly-CSharp.csproj", "{077AB8DC-67C9-237C-172E-4359D7B3009C}"
EndProject
Project("{FAE04EC0-301F-11D3-BF4B-00C04F79EFBC}") = "CFXRRuntime", "CFXRRuntime.csproj", "{26F82101-545F-7266-2F47-2F14840D22E2}"
EndProject
Project("{FAE04EC0-301F-11D3-BF4B-00C04F79EFBC}") = "CFXR.WelcomeScreen", "CFXR.WelcomeScreen.csproj", "{3CA35B63-5576-080D-5A18-C2AFFF033BF6}"
EndProject
Project("{FAE04EC0-301F-11D3-BF4B-00C04F79EFBC}") = "Assembly-CSharp-Editor", "Assembly-CSharp-Editor.csproj", "{80639C3E-38B9-5EE2-9992-11D29FDDFE8B}"
EndProject
Project("{FAE04EC0-301F-11D3-BF4B-00C04F79EFBC}") = "CFXRDemo", "CFXRDemo.csproj", "{34F85A81-1F9D-FA17-BEE5-46D22BB83938}"
EndProject
Project("{FAE04EC0-301F-11D3-BF4B-00C04F79EFBC}") = "ToonyColorsPro.Demo.Editor", "ToonyColorsPro.Demo.Editor.csproj", "{0E8DBCDA-0ABB-B179-08C1-887A8CEC6BAC}"
EndProject
Project("{FAE04EC0-301F-11D3-BF4B-00C04F79EFBC}") = "KinoBloom.Runtime", "KinoBloom.Runtime.csproj", "{9E473447-7546-315B-2382-693B5EE790D1}"
EndProject
Project("{FAE04EC0-301F-11D3-BF4B-00C04F79EFBC}") = "AimingRig", "AimingRig.csproj", "{BA5693BB-260A-7621-F9DF-3A511EB07F60}"
EndProject
Global
	GlobalSection(SolutionConfigurationPlatforms) = preSolution
		Debug|Any CPU = Debug|Any CPU
		Release|Any CPU = Release|Any CPU
	EndGlobalSection
	GlobalSection(ProjectConfigurationPlatforms) = postSolution
		{2A7A6D7F-8904-F1F8-0BE2-ED617DA69AFD}.Debug|Any CPU.ActiveCfg = Debug|Any CPU
		{2A7A6D7F-8904-F1F8-0BE2-ED617DA69AFD}.Debug|Any CPU.Build.0 = Debug|Any CPU
		{2A7A6D7F-8904-F1F8-0BE2-ED617DA69AFD}.Release|Any CPU.ActiveCfg = Release|Any CPU
		{2A7A6D7F-8904-F1F8-0BE2-ED617DA69AFD}.Release|Any CPU.Build.0 = Release|Any CPU
		{077AB8DC-67C9-237C-172E-4359D7B3009C}.Debug|Any CPU.ActiveCfg = Debug|Any CPU
		{077AB8DC-67C9-237C-172E-4359D7B3009C}.Debug|Any CPU.Build.0 = Debug|Any CPU
		{077AB8DC-67C9-237C-172E-4359D7B3009C}.Release|Any CPU.ActiveCfg = Release|Any CPU
		{077AB8DC-67C9-237C-172E-4359D7B3009C}.Release|Any CPU.Build.0 = Release|Any CPU
		{26F82101-545F-7266-2F47-2F14840D22E2}.Debug|Any CPU.ActiveCfg = Debug|Any CPU
		{26F82101-545F-7266-2F47-2F14840D22E2}.Debug|Any CPU.Build.0 = Debug|Any CPU
		{26F82101-545F-7266-2F47-2F14840D22E2}.Release|Any CPU.ActiveCfg = Release|Any CPU
		{26F82101-545F-7266-2F47-2F14840D22E2}.Release|Any CPU.Build.0 = Release|Any CPU
		{3CA35B63-5576-080D-5A18-C2AFFF033BF6}.Debug|Any CPU.ActiveCfg = Debug|Any CPU
		{3CA35B63-5576-080D-5A18-C2AFFF033BF6}.Debug|Any CPU.Build.0 = Debug|Any CPU
		{3CA35B63-5576-080D-5A18-C2AFFF033BF6}.Release|Any CPU.ActiveCfg = Release|Any CPU
		{3CA35B63-5576-080D-5A18-C2AFFF033BF6}.Release|Any CPU.Build.0 = Release|Any CPU
		{80639C3E-38B9-5EE2-9992-11D29FDDFE8B}.Debug|Any CPU.ActiveCfg = Debug|Any CPU
		{80639C3E-38B9-5EE2-9992-11D29FDDFE8B}.Debug|Any CPU.Build.0 = Debug|Any CPU
		{80639C3E-38B9-5EE2-9992-11D29FDDFE8B}.Release|Any CPU.ActiveCfg = Release|Any CPU
		{80639C3E-38B9-5EE2-9992-11D29FDDFE8B}.Release|Any CPU.Build.0 = Release|Any CPU
		{34F85A81-1F9D-FA17-BEE5-46D22BB83938}.Debug|Any CPU.ActiveCfg = Debug|Any CPU
		{34F85A81-1F9D-FA17-BEE5-46D22BB83938}.Debug|Any CPU.Build.0 = Debug|Any CPU
		{34F85A81-1F9D-FA17-BEE5-46D22BB83938}.Release|Any CPU.ActiveCfg = Release|Any CPU
		{34F85A81-1F9D-FA17-BEE5-46D22BB83938}.Release|Any CPU.Build.0 = Release|Any CPU
		{0E8DBCDA-0ABB-B179-08C1-887A8CEC6BAC}.Debug|Any CPU.ActiveCfg = Debug|Any CPU
		{0E8DBCDA-0ABB-B179-08C1-887A8CEC6BAC}.Debug|Any CPU.Build.0 = Debug|Any CPU
		{0E8DBCDA-0ABB-B179-08C1-887A8CEC6BAC}.Release|Any CPU.ActiveCfg = Release|Any CPU
		{0E8DBCDA-0ABB-B179-08C1-887A8CEC6BAC}.Release|Any CPU.Build.0 = Release|Any CPU
		{9E473447-7546-315B-2382-693B5EE790D1}.Debug|Any CPU.ActiveCfg = Debug|Any CPU
		{9E473447-7546-315B-2382-693B5EE790D1}.Debug|Any CPU.Build.0 = Debug|Any CPU
		{9E473447-7546-315B-2382-693B5EE790D1}.Release|Any CPU.ActiveCfg = Release|Any CPU
		{9E473447-7546-315B-2382-693B5EE790D1}.Release|Any CPU.Build.0 = Release|Any CPU
		{BA5693BB-260A-7621-F9DF-3A511EB07F60}.Debug|Any CPU.ActiveCfg = Debug|Any CPU
		{BA5693BB-260A-7621-F9DF-3A511EB07F60}.Debug|Any CPU.Build.0 = Debug|Any CPU
		{BA5693BB-260A-7621-F9DF-3A511EB07F60}.Release|Any CPU.ActiveCfg = Release|Any CPU
		{BA5693BB-260A-7621-F9DF-3A511EB07F60}.Release|Any CPU.Build.0 = Release|Any CPU
	EndGlobalSection
	GlobalSection(SolutionProperties) = preSolution
		HideSolutionNode = FALSE
	EndGlobalSection
EndGlobal
